
Microsoft Visual Studio Solution File, Format Version 12.00
# Visual Studio Version 17
VisualStudioVersion = 17.2.32630.192
MinimumVisualStudioVersion = 10.0.40219.1
Project("{FAE04EC0-301F-11D3-BF4B-00C04F79EFBC}") = "lab02", "lab02.csproj", "{43FB92F0-BD9F-468C-A494-B7F96399856F}"
EndProject
Global
	GlobalSection(SolutionConfigurationPlatforms) = preSolution
		Debug|Any CPU = Debug|Any CPU
		Release|Any CPU = Release|Any CPU
	EndGlobalSection
	GlobalSection(ProjectConfigurationPlatforms) = postSolution
		{43FB92F0-BD9F-468C-A494-B7F96399856F}.Debug|Any CPU.ActiveCfg = Debug|Any CPU
		{43FB92F0-BD9F-468C-A494-B7F96399856F}.Debug|Any CPU.Build.0 = Debug|Any CPU
		{43FB92F0-BD9F-468C-A494-B7F96399856F}.Release|Any CPU.ActiveCfg = Release|Any CPU
		{43FB92F0-BD9F-468C-A494-B7F96399856F}.Release|Any CPU.Build.0 = Release|Any CPU
	EndGlobalSection
	GlobalSection(SolutionProperties) = preSolution
		HideSolutionNode = FALSE
	EndGlobalSection
	GlobalSection(ExtensibilityGlobals) = postSolution
		SolutionGuid = {F0378ABB-EBE8-49A2-801A-363C071E6EB5}
	EndGlobalSection
EndGlobal
